
Microsoft Visual Studio Solution File, Format Version 11.00
# Visual Studio 2010
Project("{FAE04EC0-301F-11D3-BF4B-00C04F79EFBC}") = "NahProject", "Assembly-CSharp.csproj", "{77D7E128-F408-FA21-273C-25F1FD9BA4E3}"
EndProject
Project("{FAE04EC0-301F-11D3-BF4B-00C04F79EFBC}") = "NahProject", "Assembly-CSharp-firstpass.csproj", "{8D867576-1A98-4158-DC65-5534C8981019}"
EndProject
Global
	GlobalSection(SolutionConfigurationPlatforms) = preSolution
		Debug|Any CPU = Debug|Any CPU
		Release|Any CPU = Release|Any CPU
	EndGlobalSection
	GlobalSection(ProjectConfigurationPlatforms) = postSolution
		{77D7E128-F408-FA21-273C-25F1FD9BA4E3}.Debug|Any CPU.ActiveCfg = Debug|Any CPU
		{77D7E128-F408-FA21-273C-25F1FD9BA4E3}.Debug|Any CPU.Build.0 = Debug|Any CPU
		{77D7E128-F408-FA21-273C-25F1FD9BA4E3}.Release|Any CPU.ActiveCfg = Release|Any CPU
		{77D7E128-F408-FA21-273C-25F1FD9BA4E3}.Release|Any CPU.Build.0 = Release|Any CPU
		{8D867576-1A98-4158-DC65-5534C8981019}.Debug|Any CPU.ActiveCfg = Debug|Any CPU
		{8D867576-1A98-4158-DC65-5534C8981019}.Debug|Any CPU.Build.0 = Debug|Any CPU
		{8D867576-1A98-4158-DC65-5534C8981019}.Release|Any CPU.ActiveCfg = Release|Any CPU
		{8D867576-1A98-4158-DC65-5534C8981019}.Release|Any CPU.Build.0 = Release|Any CPU
	EndGlobalSection
	GlobalSection(SolutionProperties) = preSolution
		HideSolutionNode = FALSE
	EndGlobalSection
	GlobalSection(MonoDevelopProperties) = preSolution
		StartupItem = Assembly-CSharp.csproj
	EndGlobalSection
EndGlobal
